
Microsoft Visual Studio Solution File, Format Version 12.00
# Visual Studio Version 17
VisualStudioVersion = 17.8.34511.84
MinimumVisualStudioVersion = 10.0.40219.1
Project("{FAE04EC0-301F-11D3-BF4B-00C04F79EFBC}") = "StudentSystem", "StudentSystem\StudentSystem.csproj", "{06B5213C-D640-4E0B-B8F4-E62D4281FA58}"
EndProject
Global
	GlobalSection(SolutionConfigurationPlatforms) = preSolution
		Debug|Any CPU = Debug|Any CPU
		Release|Any CPU = Release|Any CPU
	EndGlobalSection
	GlobalSection(ProjectConfigurationPlatforms) = postSolution
		{06B5213C-D640-4E0B-B8F4-E62D4281FA58}.Debug|Any CPU.ActiveCfg = Debug|Any CPU
		{06B5213C-D640-4E0B-B8F4-E62D4281FA58}.Debug|Any CPU.Build.0 = Debug|Any CPU
		{06B5213C-D640-4E0B-B8F4-E62D4281FA58}.Release|Any CPU.ActiveCfg = Release|Any CPU
		{06B5213C-D640-4E0B-B8F4-E62D4281FA58}.Release|Any CPU.Build.0 = Release|Any CPU
	EndGlobalSection
	GlobalSection(SolutionProperties) = preSolution
		HideSolutionNode = FALSE
	EndGlobalSection
	GlobalSection(ExtensibilityGlobals) = postSolution
		SolutionGuid = {3D37F030-BD18-47F7-AE20-F3BDAFB5E844}
	EndGlobalSection
EndGlobal
